
Microsoft Visual Studio Solution File, Format Version 12.00
# Visual Studio Version 18
VisualStudioVersion = 18.3.11520.95 d18.3
MinimumVisualStudioVersion = 10.0.40219.1
Project("{FAE04EC0-301F-11D3-BF4B-00C04F79EFBC}") = "Abstraccciones", "Abstraccciones\Abstraccciones.csproj", "{6FEA9EBE-E36F-4863-B04B-515283252F51}"
EndProject
Project("{00D1A9C2-B5F0-4AF3-8072-F6C62B433612}") = "BD", "BD\BD.sqlproj", "{4C78DEFD-AC42-4F43-92EF-BB99C70C56D6}"
EndProject
Project("{FAE04EC0-301F-11D3-BF4B-00C04F79EFBC}") = "DA", "DA\DA.csproj", "{7074845C-3721-44BD-981E-3E78E6524CC8}"
EndProject
Project("{FAE04EC0-301F-11D3-BF4B-00C04F79EFBC}") = "Flujo", "Flujo\Flujo.csproj", "{EF493656-AFC7-4364-BE32-B8959053A0BA}"
EndProject
Project("{FAE04EC0-301F-11D3-BF4B-00C04F79EFBC}") = "API", "API\API.csproj", "{FE60A254-EAC1-4226-AA09-42560F959836}"
EndProject
Project("{FAE04EC0-301F-11D3-BF4B-00C04F79EFBC}") = "Servicios", "Servicios\Servicios.csproj", "{DC6F4996-9377-4D66-91FE-AEE22ADCD8B0}"
EndProject
Project("{FAE04EC0-301F-11D3-BF4B-00C04F79EFBC}") = "Reglas", "Reglas\Reglas.csproj", "{BADAD57D-9BE4-41C4-B5CF-3FC4DBE4247B}"
EndProject
Global
	GlobalSection(SolutionConfigurationPlatforms) = preSolution
		Debug|Any CPU = Debug|Any CPU
		Release|Any CPU = Release|Any CPU
	EndGlobalSection
	GlobalSection(ProjectConfigurationPlatforms) = postSolution
		{6FEA9EBE-E36F-4863-B04B-515283252F51}.Debug|Any CPU.ActiveCfg = Debug|Any CPU
		{6FEA9EBE-E36F-4863-B04B-515283252F51}.Debug|Any CPU.Build.0 = Debug|Any CPU
		{6FEA9EBE-E36F-4863-B04B-515283252F51}.Release|Any CPU.ActiveCfg = Release|Any CPU
		{6FEA9EBE-E36F-4863-B04B-515283252F51}.Release|Any CPU.Build.0 = Release|Any CPU
		{4C78DEFD-AC42-4F43-92EF-BB99C70C56D6}.Debug|Any CPU.ActiveCfg = Debug|Any CPU
		{4C78DEFD-AC42-4F43-92EF-BB99C70C56D6}.Debug|Any CPU.Build.0 = Debug|Any CPU
		{4C78DEFD-AC42-4F43-92EF-BB99C70C56D6}.Debug|Any CPU.Deploy.0 = Debug|Any CPU
		{4C78DEFD-AC42-4F43-92EF-BB99C70C56D6}.Release|Any CPU.ActiveCfg = Release|Any CPU
		{4C78DEFD-AC42-4F43-92EF-BB99C70C56D6}.Release|Any CPU.Build.0 = Release|Any CPU
		{4C78DEFD-AC42-4F43-92EF-BB99C70C56D6}.Release|Any CPU.Deploy.0 = Release|Any CPU
		{7074845C-3721-44BD-981E-3E78E6524CC8}.Debug|Any CPU.ActiveCfg = Debug|Any CPU
		{7074845C-3721-44BD-981E-3E78E6524CC8}.Debug|Any CPU.Build.0 = Debug|Any CPU
		{7074845C-3721-44BD-981E-3E78E6524CC8}.Release|Any CPU.ActiveCfg = Release|Any CPU
		{7074845C-3721-44BD-981E-3E78E6524CC8}.Release|Any CPU.Build.0 = Release|Any CPU
		{EF493656-AFC7-4364-BE32-B8959053A0BA}.Debug|Any CPU.ActiveCfg = Debug|Any CPU
		{EF493656-AFC7-4364-BE32-B8959053A0BA}.Debug|Any CPU.Build.0 = Debug|Any CPU
		{EF493656-AFC7-4364-BE32-B8959053A0BA}.Release|Any CPU.ActiveCfg = Release|Any CPU
		{EF493656-AFC7-4364-BE32-B8959053A0BA}.Release|Any CPU.Build.0 = Release|Any CPU
		{FE60A254-EAC1-4226-AA09-42560F959836}.Debug|Any CPU.ActiveCfg = Debug|Any CPU
		{FE60A254-EAC1-4226-AA09-42560F959836}.Debug|Any CPU.Build.0 = Debug|Any CPU
		{FE60A254-EAC1-4226-AA09-42560F959836}.Release|Any CPU.ActiveCfg = Release|Any CPU
		{FE60A254-EAC1-4226-AA09-42560F959836}.Release|Any CPU.Build.0 = Release|Any CPU
		{DC6F4996-9377-4D66-91FE-AEE22ADCD8B0}.Debug|Any CPU.ActiveCfg = Debug|Any CPU
		{DC6F4996-9377-4D66-91FE-AEE22ADCD8B0}.Debug|Any CPU.Build.0 = Debug|Any CPU
		{DC6F4996-9377-4D66-91FE-AEE22ADCD8B0}.Release|Any CPU.ActiveCfg = Release|Any CPU
		{DC6F4996-9377-4D66-91FE-AEE22ADCD8B0}.Release|Any CPU.Build.0 = Release|Any CPU
		{BADAD57D-9BE4-41C4-B5CF-3FC4DBE4247B}.Debug|Any CPU.ActiveCfg = Debug|Any CPU
		{BADAD57D-9BE4-41C4-B5CF-3FC4DBE4247B}.Debug|Any CPU.Build.0 = Debug|Any CPU
		{BADAD57D-9BE4-41C4-B5CF-3FC4DBE4247B}.Release|Any CPU.ActiveCfg = Release|Any CPU
		{BADAD57D-9BE4-41C4-B5CF-3FC4DBE4247B}.Release|Any CPU.Build.0 = Release|Any CPU
	EndGlobalSection
	GlobalSection(SolutionProperties) = preSolution
		HideSolutionNode = FALSE
	EndGlobalSection
	GlobalSection(ExtensibilityGlobals) = postSolution
		SolutionGuid = {838D1EF3-0897-4BC8-AC51-28C4B7735CEA}
	EndGlobalSection
EndGlobal
